
Microsoft Visual Studio Solution File, Format Version 12.00
# Visual Studio 14
VisualStudioVersion = 14.0.25420.1
MinimumVisualStudioVersion = 10.0.40219.1
Project("{FAE04EC0-301F-11D3-BF4B-00C04F79EFBC}") = "WebApplication27", "WebApplication27\WebApplication27.csproj", "{AFA7CF04-D261-4FDE-99B1-9655BB07AD43}"
EndProject
Global
	GlobalSection(SolutionConfigurationPlatforms) = preSolution
		Debug|Any CPU = Debug|Any CPU
		Release|Any CPU = Release|Any CPU
	EndGlobalSection
	GlobalSection(ProjectConfigurationPlatforms) = postSolution
		{AFA7CF04-D261-4FDE-99B1-9655BB07AD43}.Debug|Any CPU.ActiveCfg = Debug|Any CPU
		{AFA7CF04-D261-4FDE-99B1-9655BB07AD43}.Debug|Any CPU.Build.0 = Debug|Any CPU
		{AFA7CF04-D261-4FDE-99B1-9655BB07AD43}.Release|Any CPU.ActiveCfg = Release|Any CPU
		{AFA7CF04-D261-4FDE-99B1-9655BB07AD43}.Release|Any CPU.Build.0 = Release|Any CPU
	EndGlobalSection
	GlobalSection(SolutionProperties) = preSolution
		HideSolutionNode = FALSE
	EndGlobalSection
EndGlobal
